PODS:
  - AMapFoundation (1.6.7)
  - AMapLocation (2.6.8):
    - AMapFoundation (~> 1.6.4)
  - AMapSearch (7.9.0):
    - AMapFoundation (~> 1.6.6)
  - CHTCollectionViewWaterfallLayout/Swift (0.9.8)
  - MBProgressHUD (1.2.0)
  - PryntTrimmerView (4.0.2)
  - SKPhotoBrowser (6.1.0)
  - SteviaLayout (4.7.3)
  - "UITextView+Placeholder (1.4.0)"
  - XLPagerTabStrip (9.0.0)
  - YPImagePicker (4.5.0):
    - PryntTrimmerView (~> 4.0.2)
    - SteviaLayout (~> 4.7.3)

DEPENDENCIES:
  - AMapLocation
  - AMapSearch
  - CHTCollectionViewWaterfallLayout/Swift
  - MBProgressHUD (~> 1.2.0)
  - SKPhotoBrowser
  - "UITextView+Placeholder"
  - XLPagerTabStrip (~> 9.0)
  - YPImagePicker

SPEC REPOS:
  https://github.com/CocoaPods/Specs.git:
    - AMapFoundation
    - AMapLocation
    - AMapSearch
    - CHTCollectionViewWaterfallLayout
    - MBProgressHUD
    - PryntTrimmerView
    - SKPhotoBrowser
    - SteviaLayout
    - "UITextView+Placeholder"
    - YPImagePicker
  trunk:
    - XLPagerTabStrip

SPEC CHECKSUMS:
  AMapFoundation: c7da72b42a713f1429c88af1858d623dde88934b
  AMapLocation: dad27669c4ca68e395ce7532ff614b7d4d45f7b7
  AMapSearch: 94cff5f6ab7233c1639111e486861ac2acea6d4b
  CHTCollectionViewWaterfallLayout: 5f241d2480ab4939aa0d1ad4981de9eef1fbe60d
  MBProgressHUD: 3ee5efcc380f6a79a7cc9b363dd669c5e1ae7406
  PryntTrimmerView: 6a43cc90df5d99addeabd33d4ba09b1365322130
  SKPhotoBrowser: 343de95d89dc7913763c5dda243cc6e606e4a168
  SteviaLayout: c2ecdcff57d44e38fd2f65e54ad52aeae28ca0c4
  "UITextView+Placeholder": d7b0c400921f66523f3a85d74f774512e14f6502
  XLPagerTabStrip: 61c57fd61f611ee5f01ff1495ad6fbee8bf496c5
  YPImagePicker: 6f410f475bd22fa8cd430495b54d4b2f15865c2d

PODFILE CHECKSUM: e3227a5b936bc3b7d3cdd9f8c5e878bef9ae3f5f

COCOAPODS: 1.10.1
